
Microsoft Visual Studio Solution File, Format Version 12.00
# Visual Studio Version 16
VisualStudioVersion = 16.0.31424.327
MinimumVisualStudioVersion = 10.0.40219.1
Project("{FAE04EC0-301F-11D3-BF4B-00C04F79EFBC}") = "Publicador", "Publicador\Publicador.csproj", "{B27A0273-7BB0-479D-A2B6-302068423C94}"
EndProject
Global
	GlobalSection(SolutionConfigurationPlatforms) = preSolution
		Debug|Any CPU = Debug|Any CPU
		Release|Any CPU = Release|Any CPU
	EndGlobalSection
	GlobalSection(ProjectConfigurationPlatforms) = postSolution
		{B27A0273-7BB0-479D-A2B6-302068423C94}.Debug|Any CPU.ActiveCfg = Debug|Any CPU
		{B27A0273-7BB0-479D-A2B6-302068423C94}.Debug|Any CPU.Build.0 = Debug|Any CPU
		{B27A0273-7BB0-479D-A2B6-302068423C94}.Release|Any CPU.ActiveCfg = Release|Any CPU
		{B27A0273-7BB0-479D-A2B6-302068423C94}.Release|Any CPU.Build.0 = Release|Any CPU
	EndGlobalSection
	GlobalSection(SolutionProperties) = preSolution
		HideSolutionNode = FALSE
	EndGlobalSection
	GlobalSection(ExtensibilityGlobals) = postSolution
		SolutionGuid = {0C9057E6-11EB-4F3F-8F21-B1F6F721834A}
	EndGlobalSection
EndGlobal
